
Microsoft Visual Studio Solution File, Format Version 12.00
# Visual Studio Version 17
VisualStudioVersion = 17.6.33723.286
MinimumVisualStudioVersion = 10.0.40219.1
Project("{FAE04EC0-301F-11D3-BF4B-00C04F79EFBC}") = "Mission3aApp", "Mission3aApp\Mission3aApp.csproj", "{6CBC66E5-CEB5-4F10-813E-BD7B2224F5C5}"
EndProject
Global
	GlobalSection(SolutionConfigurationPlatforms) = preSolution
		Debug|Any CPU = Debug|Any CPU
		Release|Any CPU = Release|Any CPU
	EndGlobalSection
	GlobalSection(ProjectConfigurationPlatforms) = postSolution
		{6CBC66E5-CEB5-4F10-813E-BD7B2224F5C5}.Debug|Any CPU.ActiveCfg = Debug|Any CPU
		{6CBC66E5-CEB5-4F10-813E-BD7B2224F5C5}.Debug|Any CPU.Build.0 = Debug|Any CPU
		{6CBC66E5-CEB5-4F10-813E-BD7B2224F5C5}.Release|Any CPU.ActiveCfg = Release|Any CPU
		{6CBC66E5-CEB5-4F10-813E-BD7B2224F5C5}.Release|Any CPU.Build.0 = Release|Any CPU
	EndGlobalSection
	GlobalSection(SolutionProperties) = preSolution
		HideSolutionNode = FALSE
	EndGlobalSection
	GlobalSection(ExtensibilityGlobals) = postSolution
		SolutionGuid = {BD63080D-F120-4D6C-8CD8-CF6927BB509C}
	EndGlobalSection
EndGlobal
